PODS:
  - ImagePreviewController (0.0.5)

DEPENDENCIES:
  - ImagePreviewController (from `../`)

EXTERNAL SOURCES:
  ImagePreviewController:
    :path: ../

SPEC CHECKSUMS:
  ImagePreviewController: e6b25390e91f31ee7d3299805e59ad217f8dbf10

PODFILE CHECKSUM: fcf5c597c05ce8e03aadc997c8981ebd6c1403aa

COCOAPODS: 1.3.1
